// !$*UTF8*$!
{
	archiveVersion = 1;
	classes = {
	};
	objectVersion = 46;
	objects = {

/* Begin PBXBuildFile section */
		9F0122521F6A20F500C55A7E /* PinLocationViewController.swift in Sources */ = {isa = PBXBuildFile; fileRef = 9F0122511F6A20F500C55A7E /* PinLocationViewController.swift */; };
		9F0122541F6A2F9D00C55A7E /* NamesViewController.swift in Sources */ = {isa = PBXBuildFile; fileRef = 9F0122531F6A2F9D00C55A7E /* NamesViewController.swift */; };
		9F56774E1F68BF9D0013BFF9 /* AuthViewController.swift in Sources */ = {isa = PBXBuildFile; fileRef = 9F56774D1F68BF9D0013BFF9 /* AuthViewController.swift */; };
		9F5677501F68C3C10013BFF9 /* ViewControllerUtils.swift in Sources */ = {isa = PBXBuildFile; fileRef = 9F56774F1F68C3C10013BFF9 /* ViewControllerUtils.swift */; };
		9F5677521F68C7160013BFF9 /* AuthService.swift in Sources */ = {isa = PBXBuildFile; fileRef = 9F5677511F68C7160013BFF9 /* AuthService.swift */; };
		9F574E3B1F658F1F004E95FE /* AppDelegate.swift in Sources */ = {isa = PBXBuildFile; fileRef = 9F574E3A1F658F1F004E95FE /* AppDelegate.swift */; };
		9F574E3D1F658F1F004E95FE /* ViewController.swift in Sources */ = {isa = PBXBuildFile; fileRef = 9F574E3C1F658F1F004E95FE /* ViewController.swift */; };
		9F574E401F658F1F004E95FE /* Main.storyboard in Resources */ = {isa = PBXBuildFile; fileRef = 9F574E3E1F658F1F004E95FE /* Main.storyboard */; };
		9F574E421F658F1F004E95FE /* Assets.xcassets in Resources */ = {isa = PBXBuildFile; fileRef = 9F574E411F658F1F004E95FE /* Assets.xcassets */; };
		9F574E451F658F1F004E95FE /* LaunchScreen.storyboard in Resources */ = {isa = PBXBuildFile; fileRef = 9F574E431F658F1F004E95FE /* LaunchScreen.storyboard */; };
		9F574E531F65927A004E95FE /* Student.swift in Sources */ = {isa = PBXBuildFile; fileRef = 9F574E521F65927A004E95FE /* Student.swift */; };
		9F574E551F6592FB004E95FE /* Client.swift in Sources */ = {isa = PBXBuildFile; fileRef = 9F574E541F6592FB004E95FE /* Client.swift */; };
		9F574E571F65931C004E95FE /* Constants.swift in Sources */ = {isa = PBXBuildFile; fileRef = 9F574E561F65931C004E95FE /* Constants.swift */; };
		9F574E591F65B692004E95FE /* StudentService.swift in Sources */ = {isa = PBXBuildFile; fileRef = 9F574E581F65B692004E95FE /* StudentService.swift */; };
		9F574E5C1F65CFC5004E95FE /* MapKit.framework in Frameworks */ = {isa = PBXBuildFile; fileRef = 9F574E5B1F65CFC5004E95FE /* MapKit.framework */; };
		9F574E5E1F65D2BF004E95FE /* MapViewController.swift in Sources */ = {isa = PBXBuildFile; fileRef = 9F574E5D1F65D2BF004E95FE /* MapViewController.swift */; };
		9F574E601F65D2E4004E95FE /* TableTableViewController.swift in Sources */ = {isa = PBXBuildFile; fileRef = 9F574E5F1F65D2E4004E95FE /* TableTableViewController.swift */; };
		9F574E621F65E021004E95FE /* OnTheMapAnnotation.swift in Sources */ = {isa = PBXBuildFile; fileRef = 9F574E611F65E021004E95FE /* OnTheMapAnnotation.swift */; };
		9F574E641F660AD5004E95FE /* OnTheMapTableViewCell.swift in Sources */ = {isa = PBXBuildFile; fileRef = 9F574E631F660AD5004E95FE /* OnTheMapTableViewCell.swift */; };
		9F574E661F663706004E95FE /* OnTheMapInfoButton.swift in Sources */ = {isa = PBXBuildFile; fileRef = 9F574E651F663706004E95FE /* OnTheMapInfoButton.swift */; };
/* End PBXBuildFile section */

/* Begin PBXFileReference section */
		9F0122511F6A20F500C55A7E /* PinLocationViewController.swift */ = {isa = PBXFileReference; fileEncoding = 4; lastKnownFileType = sourcecode.swift; path = PinLocationViewController.swift; sourceTree = "<group>"; };
		9F0122531F6A2F9D00C55A7E /* NamesViewController.swift */ = {isa = PBXFileReference; fileEncoding = 4; lastKnownFileType = sourcecode.swift; path = NamesViewController.swift; sourceTree = "<group>"; };
		9F56774D1F68BF9D0013BFF9 /* AuthViewController.swift */ = {isa = PBXFileReference; fileEncoding = 4; lastKnownFileType = sourcecode.swift; path = AuthViewController.swift; sourceTree = "<group>"; };
		9F56774F1F68C3C10013BFF9 /* ViewControllerUtils.swift */ = {isa = PBXFileReference; fileEncoding = 4; lastKnownFileType = sourcecode.swift; path = ViewControllerUtils.swift; sourceTree = "<group>"; };
		9F5677511F68C7160013BFF9 /* AuthService.swift */ = {isa = PBXFileReference; fileEncoding = 4; lastKnownFileType = sourcecode.swift; path = AuthService.swift; sourceTree = "<group>"; };
		9F574E371F658F1F004E95FE /* OnTheMap.app */ = {isa = PBXFileReference; explicitFileType = wrapper.application; includeInIndex = 0; path = OnTheMap.app; sourceTree = BUILT_PRODUCTS_DIR; };
		9F574E3A1F658F1F004E95FE /* AppDelegate.swift */ = {isa = PBXFileReference; lastKnownFileType = sourcecode.swift; path = AppDelegate.swift; sourceTree = "<group>"; };
		9F574E3C1F658F1F004E95FE /* ViewController.swift */ = {isa = PBXFileReference; lastKnownFileType = sourcecode.swift; path = ViewController.swift; sourceTree = "<group>"; };
		9F574E3F1F658F1F004E95FE /* Base */ = {isa = PBXFileReference; lastKnownFileType = file.storyboard; name = Base; path = Base.lproj/Main.storyboard; sourceTree = "<group>"; };
		9F574E411F658F1F004E95FE /* Assets.xcassets */ = {isa = PBXFileReference; lastKnownFileType = folder.assetcatalog; path = Assets.xcassets; sourceTree = "<group>"; };
		9F574E441F658F1F004E95FE /* Base */ = {isa = PBXFileReference; lastKnownFileType = file.storyboard; name = Base; path = Base.lproj/LaunchScreen.storyboard; sourceTree = "<group>"; };
		9F574E461F658F1F004E95FE /* Info.plist */ = {isa = PBXFileReference; lastKnownFileType = text.plist.xml; path = Info.plist; sourceTree = "<group>"; };
		9F574E521F65927A004E95FE /* Student.swift */ = {isa = PBXFileReference; fileEncoding = 4; lastKnownFileType = sourcecode.swift; path = Student.swift; sourceTree = "<group>"; };
		9F574E541F6592FB004E95FE /* Client.swift */ = {isa = PBXFileReference; fileEncoding = 4; lastKnownFileType = sourcecode.swift; path = Client.swift; sourceTree = "<group>"; };
		9F574E561F65931C004E95FE /* Constants.swift */ = {isa = PBXFileReference; fileEncoding = 4; lastKnownFileType = sourcecode.swift; path = Constants.swift; sourceTree = "<group>"; };
		9F574E581F65B692004E95FE /* StudentService.swift */ = {isa = PBXFileReference; fileEncoding = 4; lastKnownFileType = sourcecode.swift; path = StudentService.swift; sourceTree = "<group>"; };
		9F574E5B1F65CFC5004E95FE /* MapKit.framework */ = {isa = PBXFileReference; lastKnownFileType = wrapper.framework; name = MapKit.framework; path = System/Library/Frameworks/MapKit.framework; sourceTree = SDKROOT; };
		9F574E5D1F65D2BF004E95FE /* MapViewController.swift */ = {isa = PBXFileReference; fileEncoding = 4; lastKnownFileType = sourcecode.swift; path = MapViewController.swift; sourceTree = "<group>"; };
		9F574E5F1F65D2E4004E95FE /* TableTableViewController.swift */ = {isa = PBXFileReference; fileEncoding = 4; lastKnownFileType = sourcecode.swift; path = TableTableViewController.swift; sourceTree = "<group>"; };
		9F574E611F65E021004E95FE /* OnTheMapAnnotation.swift */ = {isa = PBXFileReference; fileEncoding = 4; lastKnownFileType = sourcecode.swift; path = OnTheMapAnnotation.swift; sourceTree = "<group>"; };
		9F574E631F660AD5004E95FE /* OnTheMapTableViewCell.swift */ = {isa = PBXFileReference; fileEncoding = 4; lastKnownFileType = sourcecode.swift; path = OnTheMapTableViewCell.swift; sourceTree = "<group>"; };
		9F574E651F663706004E95FE /* OnTheMapInfoButton.swift */ = {isa = PBXFileReference; fileEncoding = 4; lastKnownFileType = sourcecode.swift; path = OnTheMapInfoButton.swift; sourceTree = "<group>"; };
/* End PBXFileReference section */

/* Begin PBXFrameworksBuildPhase section */
		9F574E341F658F1F004E95FE /* Frameworks */ = {
			isa = PBXFrameworksBuildPhase;
			buildActionMask = 2147483647;
			files = (
				9F574E5C1F65CFC5004E95FE /* MapKit.framework in Frameworks */,
			);
			runOnlyForDeploymentPostprocessing = 0;
		};
/* End PBXFrameworksBuildPhase section */

/* Begin PBXGroup section */
		9F574E2E1F658F1F004E95FE = {
			isa = PBXGroup;
			children = (
				9F574E391F658F1F004E95FE /* OnTheMap */,
				9F574E381F658F1F004E95FE /* Products */,
				9F574E5A1F65CFC5004E95FE /* Frameworks */,
			);
			sourceTree = "<group>";
		};
		9F574E381F658F1F004E95FE /* Products */ = {
			isa = PBXGroup;
			children = (
				9F574E371F658F1F004E95FE /* OnTheMap.app */,
			);
			name = Products;
			sourceTree = "<group>";
		};
		9F574E391F658F1F004E95FE /* OnTheMap */ = {
			isa = PBXGroup;
			children = (
				9F574E511F65924D004E95FE /* Assets */,
				9F574E4F1F659222004E95FE /* Views */,
				9F574E4E1F659218004E95FE /* Controllers */,
				9F574E4D1F659211004E95FE /* Models */,
				9F574E4C1F659205004E95FE /* Services */,
				9F574E3A1F658F1F004E95FE /* AppDelegate.swift */,
				9F574E411F658F1F004E95FE /* Assets.xcassets */,
				9F574E431F658F1F004E95FE /* LaunchScreen.storyboard */,
				9F574E461F658F1F004E95FE /* Info.plist */,
			);
			path = OnTheMap;
			sourceTree = "<group>";
		};
		9F574E4C1F659205004E95FE /* Services */ = {
			isa = PBXGroup;
			children = (
				9F574E541F6592FB004E95FE /* Client.swift */,
				9F574E561F65931C004E95FE /* Constants.swift */,
				9F574E581F65B692004E95FE /* StudentService.swift */,
				9F5677511F68C7160013BFF9 /* AuthService.swift */,
			);
			name = Services;
			sourceTree = "<group>";
		};
		9F574E4D1F659211004E95FE /* Models */ = {
			isa = PBXGroup;
			children = (
				9F574E521F65927A004E95FE /* Student.swift */,
			);
			name = Models;
			sourceTree = "<group>";
		};
		9F574E4E1F659218004E95FE /* Controllers */ = {
			isa = PBXGroup;
			children = (
				9F574E3C1F658F1F004E95FE /* ViewController.swift */,
				9F574E5D1F65D2BF004E95FE /* MapViewController.swift */,
				9F574E5F1F65D2E4004E95FE /* TableTableViewController.swift */,
				9F56774D1F68BF9D0013BFF9 /* AuthViewController.swift */,
				9F56774F1F68C3C10013BFF9 /* ViewControllerUtils.swift */,
				9F0122511F6A20F500C55A7E /* PinLocationViewController.swift */,
				9F0122531F6A2F9D00C55A7E /* NamesViewController.swift */,
			);
			name = Controllers;
			sourceTree = "<group>";
		};
		9F574E4F1F659222004E95FE /* Views */ = {
			isa = PBXGroup;
			children = (
				9F574E611F65E021004E95FE /* OnTheMapAnnotation.swift */,
				9F574E631F660AD5004E95FE /* OnTheMapTableViewCell.swift */,
				9F574E651F663706004E95FE /* OnTheMapInfoButton.swift */,
			);
			name = Views;
			sourceTree = "<group>";
		};
		9F574E511F65924D004E95FE /* Assets */ = {
			isa = PBXGroup;
			children = (
				9F574E3E1F658F1F004E95FE /* Main.storyboard */,
			);
			name = Assets;
			sourceTree = "<group>";
		};
		9F574E5A1F65CFC5004E95FE /* Frameworks */ = {
			isa = PBXGroup;
			children = (
				9F574E5B1F65CFC5004E95FE /* MapKit.framework */,
			);
			name = Frameworks;
			sourceTree = "<group>";
		};
/* End PBXGroup section */

/* Begin PBXNativeTarget section */
		9F574E361F658F1F004E95FE /* OnTheMap */ = {
			isa = PBXNativeTarget;
			buildConfigurationList = 9F574E491F658F1F004E95FE /* Build configuration list for PBXNativeTarget "OnTheMap" */;
			buildPhases = (
				9F574E331F658F1F004E95FE /* Sources */,
				9F574E341F658F1F004E95FE /* Frameworks */,
				9F574E351F658F1F004E95FE /* Resources */,
			);
			buildRules = (
			);
			dependencies = (
			);
			name = OnTheMap;
			productName = OnTheMap;
			productReference = 9F574E371F658F1F004E95FE /* OnTheMap.app */;
			productType = "com.apple.product-type.application";
		};
/* End PBXNativeTarget section */

/* Begin PBXProject section */
		9F574E2F1F658F1F004E95FE /* Project object */ = {
			isa = PBXProject;
			attributes = {
				LastSwiftUpdateCheck = 0830;
				LastUpgradeCheck = 0830;
				ORGANIZATIONNAME = "Carlos Lozano";
				TargetAttributes = {
					9F574E361F658F1F004E95FE = {
						CreatedOnToolsVersion = 8.3.3;
						DevelopmentTeam = NY975BLVV2;
						ProvisioningStyle = Automatic;
					};
				};
			};
			buildConfigurationList = 9F574E321F658F1F004E95FE /* Build configuration list for PBXProject "OnTheMap" */;
			compatibilityVersion = "Xcode 3.2";
			developmentRegion = English;
			hasScannedForEncodings = 0;
			knownRegions = (
				en,
				Base,
			);
			mainGroup = 9F574E2E1F658F1F004E95FE;
			productRefGroup = 9F574E381F658F1F004E95FE /* Products */;
			projectDirPath = "";
			projectRoot = "";
			targets = (
				9F574E361F658F1F004E95FE /* OnTheMap */,
			);
		};
/* End PBXProject section */

/* Begin PBXResourcesBuildPhase section */
		9F574E351F658F1F004E95FE /* Resources */ = {
			isa = PBXResourcesBuildPhase;
			buildActionMask = 2147483647;
			files = (
				9F574E451F658F1F004E95FE /* LaunchScreen.storyboard in Resources */,
				9F574E421F658F1F004E95FE /* Assets.xcassets in Resources */,
				9F574E401F658F1F004E95FE /* Main.storyboard in Resources */,
			);
			runOnlyForDeploymentPostprocessing = 0;
		};
/* End PBXResourcesBuildPhase section */

/* Begin PBXSourcesBuildPhase section */
		9F574E331F658F1F004E95FE /* Sources */ = {
			isa = PBXSourcesBuildPhase;
			buildActionMask = 2147483647;
			files = (
				9F574E601F65D2E4004E95FE /* TableTableViewController.swift in Sources */,
				9F574E571F65931C004E95FE /* Constants.swift in Sources */,
				9F0122521F6A20F500C55A7E /* PinLocationViewController.swift in Sources */,
				9F574E3D1F658F1F004E95FE /* ViewController.swift in Sources */,
				9F574E531F65927A004E95FE /* Student.swift in Sources */,
				9F5677501F68C3C10013BFF9 /* ViewControllerUtils.swift in Sources */,
				9F56774E1F68BF9D0013BFF9 /* AuthViewController.swift in Sources */,
				9F0122541F6A2F9D00C55A7E /* NamesViewController.swift in Sources */,
				9F574E621F65E021004E95FE /* OnTheMapAnnotation.swift in Sources */,
				9F574E551F6592FB004E95FE /* Client.swift in Sources */,
				9F574E3B1F658F1F004E95FE /* AppDelegate.swift in Sources */,
				9F574E641F660AD5004E95FE /* OnTheMapTableViewCell.swift in Sources */,
				9F574E661F663706004E95FE /* OnTheMapInfoButton.swift in Sources */,
				9F574E591F65B692004E95FE /* StudentService.swift in Sources */,
				9F574E5E1F65D2BF004E95FE /* MapViewController.swift in Sources */,
				9F5677521F68C7160013BFF9 /* AuthService.swift in Sources */,
			);
			runOnlyForDeploymentPostprocessing = 0;
		};
/* End PBXSourcesBuildPhase section */

/* Begin PBXVariantGroup section */
		9F574E3E1F658F1F004E95FE /* Main.storyboard */ = {
			isa = PBXVariantGroup;
			children = (
				9F574E3F1F658F1F004E95FE /* Base */,
			);
			name = Main.storyboard;
			sourceTree = "<group>";
		};
		9F574E431F658F1F004E95FE /* LaunchScreen.storyboard */ = {
			isa = PBXVariantGroup;
			children = (
				9F574E441F658F1F004E95FE /* Base */,
			);
			name = LaunchScreen.storyboard;
			sourceTree = "<group>";
		};
/* End PBXVariantGroup section */

/* Begin XCBuildConfiguration section */
		9F574E471F658F1F004E95FE /* Debug */ = {
			isa = XCBuildConfiguration;
			buildSettings = {
				ALWAYS_SEARCH_USER_PATHS = NO;
				CLANG_ANALYZER_NONNULL = YES;
				CLANG_ANALYZER_NUMBER_OBJECT_CONVERSION = YES_AGGRESSIVE;
				CLANG_CXX_LANGUAGE_STANDARD = "gnu++0x";
				CLANG_CXX_LIBRARY = "libc++";
				CLANG_ENABLE_MODULES = YES;
				CLANG_ENABLE_OBJC_ARC = YES;
				CLANG_WARN_BOOL_CONVERSION = YES;
				CLANG_WARN_CONSTANT_CONVERSION = YES;
				CLANG_WARN_DIRECT_OBJC_ISA_USAGE = YES_ERROR;
				CLANG_WARN_DOCUMENTATION_COMMENTS = YES;
				CLANG_WARN_EMPTY_BODY = YES;
				CLANG_WARN_ENUM_CONVERSION = YES;
				CLANG_WARN_INFINITE_RECURSION = YES;
				CLANG_WARN_INT_CONVERSION = YES;
				CLANG_WARN_OBJC_ROOT_CLASS = YES_ERROR;
				CLANG_WARN_SUSPICIOUS_MOVE = YES;
				CLANG_WARN_UNREACHABLE_CODE = YES;
				CLANG_WARN__DUPLICATE_METHOD_MATCH = YES;
				"CODE_SIGN_IDENTITY[sdk=iphoneos*]" = "iPhone Developer";
				COPY_PHASE_STRIP = NO;
				DEBUG_INFORMATION_FORMAT = dwarf;
				ENABLE_STRICT_OBJC_MSGSEND = YES;
				ENABLE_TESTABILITY = YES;
				GCC_C_LANGUAGE_STANDARD = gnu99;
				GCC_DYNAMIC_NO_PIC = NO;
				GCC_NO_COMMON_BLOCKS = YES;
				GCC_OPTIMIZATION_LEVEL = 0;
				GCC_PREPROCESSOR_DEFINITIONS = (
					"DEBUG=1",
					"$(inherited)",
				);
				GCC_WARN_64_TO_32_BIT_CONVERSION = YES;
				GCC_WARN_ABOUT_RETURN_TYPE = YES_ERROR;
				GCC_WARN_UNDECLARED_SELECTOR = YES;
				GCC_WARN_UNINITIALIZED_AUTOS = YES_AGGRESSIVE;
				GCC_WARN_UNUSED_FUNCTION = YES;
				GCC_WARN_UNUSED_VARIABLE = YES;
				IPHONEOS_DEPLOYMENT_TARGET = 10.3;
				MTL_ENABLE_DEBUG_INFO = YES;
				ONLY_ACTIVE_ARCH = YES;
				SDKROOT = iphoneos;
				SWIFT_ACTIVE_COMPILATION_CONDITIONS = DEBUG;
				SWIFT_OPTIMIZATION_LEVEL = "-Onone";
			};
			name = Debug;
		};
		9F574E481F658F1F004E95FE /* Release */ = {
			isa = XCBuildConfiguration;
			buildSettings = {
				ALWAYS_SEARCH_USER_PATHS = NO;
				CLANG_ANALYZER_NONNULL = YES;
				CLANG_ANALYZER_NUMBER_OBJECT_CONVERSION = YES_AGGRESSIVE;
				CLANG_CXX_LANGUAGE_STANDARD = "gnu++0x";
				CLANG_CXX_LIBRARY = "libc++";
				CLANG_ENABLE_MODULES = YES;
				CLANG_ENABLE_OBJC_ARC = YES;
				CLANG_WARN_BOOL_CONVERSION = YES;
				CLANG_WARN_CONSTANT_CONVERSION = YES;
				CLANG_WARN_DIRECT_OBJC_ISA_USAGE = YES_ERROR;
				CLANG_WARN_DOCUMENTATION_COMMENTS = YES;
				CLANG_WARN_EMPTY_BODY = YES;
				CLANG_WARN_ENUM_CONVERSION = YES;
				CLANG_WARN_INFINITE_RECURSION = YES;
				CLANG_WARN_INT_CONVERSION = YES;
				CLANG_WARN_OBJC_ROOT_CLASS = YES_ERROR;
				CLANG_WARN_SUSPICIOUS_MOVE = YES;
				CLANG_WARN_UNREACHABLE_CODE = YES;
				CLANG_WARN__DUPLICATE_METHOD_MATCH = YES;
				"CODE_SIGN_IDENTITY[sdk=iphoneos*]" = "iPhone Developer";
				COPY_PHASE_STRIP = NO;
				DEBUG_INFORMATION_FORMAT = "dwarf-with-dsym";
				ENABLE_NS_ASSERTIONS = NO;
				ENABLE_STRICT_OBJC_MSGSEND = YES;
				GCC_C_LANGUAGE_STANDARD = gnu99;
				GCC_NO_COMMON_BLOCKS = YES;
				GCC_WARN_64_TO_32_BIT_CONVERSION = YES;
				GCC_WARN_ABOUT_RETURN_TYPE = YES_ERROR;
				GCC_WARN_UNDECLARED_SELECTOR = YES;
				GCC_WARN_UNINITIALIZED_AUTOS = YES_AGGRESSIVE;
				GCC_WARN_UNUSED_FUNCTION = YES;
				GCC_WARN_UNUSED_VARIABLE = YES;
				IPHONEOS_DEPLOYMENT_TARGET = 10.3;
				MTL_ENABLE_DEBUG_INFO = NO;
				SDKROOT = iphoneos;
				SWIFT_OPTIMIZATION_LEVEL = "-Owholemodule";
				VALIDATE_PRODUCT = YES;
			};
			name = Release;
		};
		9F574E4A1F658F1F004E95FE /* Debug */ = {
			isa = XCBuildConfiguration;
			buildSettings = {
				ASSETCATALOG_COMPILER_APPICON_NAME = AppIcon;
				DEVELOPMENT_TEAM = NY975BLVV2;
				INFOPLIST_FILE = OnTheMap/Info.plist;
				LD_RUNPATH_SEARCH_PATHS = "$(inherited) @executable_path/Frameworks";
				PRODUCT_BUNDLE_IDENTIFIER = com.anibal.OnTheMap;
				PRODUCT_NAME = "$(TARGET_NAME)";
				SWIFT_VERSION = 3.0;
			};
			name = Debug;
		};
		9F574E4B1F658F1F004E95FE /* Release */ = {
			isa = XCBuildConfiguration;
			buildSettings = {
				ASSETCATALOG_COMPILER_APPICON_NAME = AppIcon;
				DEVELOPMENT_TEAM = NY975BLVV2;
				INFOPLIST_FILE = OnTheMap/Info.plist;
				LD_RUNPATH_SEARCH_PATHS = "$(inherited) @executable_path/Frameworks";
				PRODUCT_BUNDLE_IDENTIFIER = com.anibal.OnTheMap;
				PRODUCT_NAME = "$(TARGET_NAME)";
				SWIFT_VERSION = 3.0;
			};
			name = Release;
		};
/* End XCBuildConfiguration section */

/* Begin XCConfigurationList section */
		9F574E321F658F1F004E95FE /* Build configuration list for PBXProject "OnTheMap" */ = {
			isa = XCConfigurationList;
			buildConfigurations = (
				9F574E471F658F1F004E95FE /* Debug */,
				9F574E481F658F1F004E95FE /* Release */,
			);
			defaultConfigurationIsVisible = 0;
			defaultConfigurationName = Release;
		};
		9F574E491F658F1F004E95FE /* Build configuration list for PBXNativeTarget "OnTheMap" */ = {
			isa = XCConfigurationList;
			buildConfigurations = (
				9F574E4A1F658F1F004E95FE /* Debug */,
				9F574E4B1F658F1F004E95FE /* Release */,
			);
			defaultConfigurationIsVisible = 0;
			defaultConfigurationName = Release;
		};
/* End XCConfigurationList section */
	};
	rootObject = 9F574E2F1F658F1F004E95FE /* Project object */;
}
